
Microsoft Visual Studio Solution File, Format Version 12.00
# Visual Studio Version 16
VisualStudioVersion = 16.0.31005.135
MinimumVisualStudioVersion = 10.0.40219.1
Project("{FAE04EC0-301F-11D3-BF4B-00C04F79EFBC}") = "ds-book-a-reading-room-visit.domain", "ds-book-a-reading-room-visit.domain\ds-book-a-reading-room-visit.domain.csproj", "{AA8AB183-BC95-4E39-84E9-AD8FA5A1506B}"
EndProject
Global
	GlobalSection(SolutionConfigurationPlatforms) = preSolution
		Debug|Any CPU = Debug|Any CPU
		Release|Any CPU = Release|Any CPU
	EndGlobalSection
	GlobalSection(ProjectConfigurationPlatforms) = postSolution
		{AA8AB183-BC95-4E39-84E9-AD8FA5A1506B}.Debug|Any CPU.ActiveCfg = Debug|Any CPU
		{AA8AB183-BC95-4E39-84E9-AD8FA5A1506B}.Debug|Any CPU.Build.0 = Debug|Any CPU
		{AA8AB183-BC95-4E39-84E9-AD8FA5A1506B}.Release|Any CPU.ActiveCfg = Release|Any CPU
		{AA8AB183-BC95-4E39-84E9-AD8FA5A1506B}.Release|Any CPU.Build.0 = Release|Any CPU
	EndGlobalSection
	GlobalSection(SolutionProperties) = preSolution
		HideSolutionNode = FALSE
	EndGlobalSection
	GlobalSection(ExtensibilityGlobals) = postSolution
		SolutionGuid = {56EBD4E9-B325-4AE9-B0B0-5DE1FC2CFAF8}
	EndGlobalSection
EndGlobal
